// !$*UTF8*$!
{
	archiveVersion = 1;
	classes = {
	};
	objectVersion = 55;
	objects = {

/* Begin PBXBuildFile section */
		CE4AE49529E88979007A6BC2 /* Home.swift in Sources */ = {isa = PBXBuildFile; fileRef = CE4AE49429E88979007A6BC2 /* Home.swift */; };
		CE6E8AF829E87B980053FBD6 /* TestApp.swift in Sources */ = {isa = PBXBuildFile; fileRef = CE6E8AF729E87B980053FBD6 /* TestApp.swift */; };
		CE6E8AFA29E87B980053FBD6 /* ContentView.swift in Sources */ = {isa = PBXBuildFile; fileRef = CE6E8AF929E87B980053FBD6 /* ContentView.swift */; };
		CE6E8AFC29E87B9E0053FBD6 /* Assets.xcassets in Resources */ = {isa = PBXBuildFile; fileRef = CE6E8AFB29E87B9E0053FBD6 /* Assets.xcassets */; };
		CE6E8AFF29E87B9E0053FBD6 /* Preview Assets.xcassets in Resources */ = {isa = PBXBuildFile; fileRef = CE6E8AFE29E87B9E0053FBD6 /* Preview Assets.xcassets */; };
		CE6E8B0929E87B9E0053FBD6 /* TestTests.swift in Sources */ = {isa = PBXBuildFile; fileRef = CE6E8B0829E87B9E0053FBD6 /* TestTests.swift */; };
		CE6E8B1329E87B9E0053FBD6 /* TestUITests.swift in Sources */ = {isa = PBXBuildFile; fileRef = CE6E8B1229E87B9E0053FBD6 /* TestUITests.swift */; };
		CE6E8B1529E87B9E0053FBD6 /* TestUITestsLaunchTests.swift in Sources */ = {isa = PBXBuildFile; fileRef = CE6E8B1429E87B9E0053FBD6 /* TestUITestsLaunchTests.swift */; };
/* End PBXBuildFile section */

/* Begin PBXContainerItemProxy section */
		CE6E8B0529E87B9E0053FBD6 /* PBXContainerItemProxy */ = {
			isa = PBXContainerItemProxy;
			containerPortal = CE6E8AEC29E87B980053FBD6 /* Project object */;
			proxyType = 1;
			remoteGlobalIDString = CE6E8AF329E87B980053FBD6;
			remoteInfo = Test;
		};
		CE6E8B0F29E87B9E0053FBD6 /* PBXContainerItemProxy */ = {
			isa = PBXContainerItemProxy;
			containerPortal = CE6E8AEC29E87B980053FBD6 /* Project object */;
			proxyType = 1;
			remoteGlobalIDString = CE6E8AF329E87B980053FBD6;
			remoteInfo = Test;
		};
/* End PBXContainerItemProxy section */

/* Begin PBXFileReference section */
		CE4AE49429E88979007A6BC2 /* Home.swift */ = {isa = PBXFileReference; lastKnownFileType = sourcecode.swift; path = Home.swift; sourceTree = "<group>"; };
		CE6E8AF429E87B980053FBD6 /* Test.app */ = {isa = PBXFileReference; explicitFileType = wrapper.application; includeInIndex = 0; path = Test.app; sourceTree = BUILT_PRODUCTS_DIR; };
		CE6E8AF729E87B980053FBD6 /* TestApp.swift */ = {isa = PBXFileReference; lastKnownFileType = sourcecode.swift; path = TestApp.swift; sourceTree = "<group>"; };
		CE6E8AF929E87B980053FBD6 /* ContentView.swift */ = {isa = PBXFileReference; lastKnownFileType = sourcecode.swift; path = ContentView.swift; sourceTree = "<group>"; };
		CE6E8AFB29E87B9E0053FBD6 /* Assets.xcassets */ = {isa = PBXFileReference; lastKnownFileType = folder.assetcatalog; path = Assets.xcassets; sourceTree = "<group>"; };
		CE6E8AFE29E87B9E0053FBD6 /* Preview Assets.xcassets */ = {isa = PBXFileReference; lastKnownFileType = folder.assetcatalog; path = "Preview Assets.xcassets"; sourceTree = "<group>"; };
		CE6E8B0429E87B9E0053FBD6 /* TestTests.xctest */ = {isa = PBXFileReference; explicitFileType = wrapper.cfbundle; includeInIndex = 0; path = TestTests.xctest; sourceTree = BUILT_PRODUCTS_DIR; };
		CE6E8B0829E87B9E0053FBD6 /* TestTests.swift */ = {isa = PBXFileReference; lastKnownFileType = sourcecode.swift; path = TestTests.swift; sourceTree = "<group>"; };
		CE6E8B0E29E87B9E0053FBD6 /* TestUITests.xctest */ = {isa = PBXFileReference; explicitFileType = wrapper.cfbundle; includeInIndex = 0; path = TestUITests.xctest; sourceTree = BUILT_PRODUCTS_DIR; };
		CE6E8B1229E87B9E0053FBD6 /* TestUITests.swift */ = {isa = PBXFileReference; lastKnownFileType = sourcecode.swift; path = TestUITests.swift; sourceTree = "<group>"; };
		CE6E8B1429E87B9E0053FBD6 /* TestUITestsLaunchTests.swift */ = {isa = PBXFileReference; lastKnownFileType = sourcecode.swift; path = TestUITestsLaunchTests.swift; sourceTree = "<group>"; };
/* End PBXFileReference section */

/* Begin PBXFrameworksBuildPhase section */
		CE6E8AF129E87B980053FBD6 /* Frameworks */ = {
			isa = PBXFrameworksBuildPhase;
			buildActionMask = 2147483647;
			files = (
			);
			runOnlyForDeploymentPostprocessing = 0;
		};
		CE6E8B0129E87B9E0053FBD6 /* Frameworks */ = {
			isa = PBXFrameworksBuildPhase;
			buildActionMask = 2147483647;
			files = (
			);
			runOnlyForDeploymentPostprocessing = 0;
		};
		CE6E8B0B29E87B9E0053FBD6 /* Frameworks */ = {
			isa = PBXFrameworksBuildPhase;
			buildActionMask = 2147483647;
			files = (
			);
			runOnlyForDeploymentPostprocessing = 0;
		};
/* End PBXFrameworksBuildPhase section */

/* Begin PBXGroup section */
		CE6E8AEB29E87B980053FBD6 = {
			isa = PBXGroup;
			children = (
				CE6E8AF629E87B980053FBD6 /* Test */,
				CE6E8B0729E87B9E0053FBD6 /* TestTests */,
				CE6E8B1129E87B9E0053FBD6 /* TestUITests */,
				CE6E8AF529E87B980053FBD6 /* Products */,
			);
			sourceTree = "<group>";
		};
		CE6E8AF529E87B980053FBD6 /* Products */ = {
			isa = PBXGroup;
			children = (
				CE6E8AF429E87B980053FBD6 /* Test.app */,
				CE6E8B0429E87B9E0053FBD6 /* TestTests.xctest */,
				CE6E8B0E29E87B9E0053FBD6 /* TestUITests.xctest */,
			);
			name = Products;
			sourceTree = "<group>";
		};
		CE6E8AF629E87B980053FBD6 /* Test */ = {
			isa = PBXGroup;
			children = (
				CE6E8AF729E87B980053FBD6 /* TestApp.swift */,
				CE6E8AF929E87B980053FBD6 /* ContentView.swift */,
				CE6E8AFB29E87B9E0053FBD6 /* Assets.xcassets */,
				CE6E8AFD29E87B9E0053FBD6 /* Preview Content */,
				CE4AE49429E88979007A6BC2 /* Home.swift */,
			);
			path = Test;
			sourceTree = "<group>";
		};
		CE6E8AFD29E87B9E0053FBD6 /* Preview Content */ = {
			isa = PBXGroup;
			children = (
				CE6E8AFE29E87B9E0053FBD6 /* Preview Assets.xcassets */,
			);
			path = "Preview Content";
			sourceTree = "<group>";
		};
		CE6E8B0729E87B9E0053FBD6 /* TestTests */ = {
			isa = PBXGroup;
			children = (
				CE6E8B0829E87B9E0053FBD6 /* TestTests.swift */,
			);
			path = TestTests;
			sourceTree = "<group>";
		};
		CE6E8B1129E87B9E0053FBD6 /* TestUITests */ = {
			isa = PBXGroup;
			children = (
				CE6E8B1229E87B9E0053FBD6 /* TestUITests.swift */,
				CE6E8B1429E87B9E0053FBD6 /* TestUITestsLaunchTests.swift */,
			);
			path = TestUITests;
			sourceTree = "<group>";
		};
/* End PBXGroup section */

/* Begin PBXNativeTarget section */
		CE6E8AF329E87B980053FBD6 /* Test */ = {
			isa = PBXNativeTarget;
			buildConfigurationList = CE6E8B1829E87B9E0053FBD6 /* Build configuration list for PBXNativeTarget "Test" */;
			buildPhases = (
				CE6E8AF029E87B980053FBD6 /* Sources */,
				CE6E8AF129E87B980053FBD6 /* Frameworks */,
				CE6E8AF229E87B980053FBD6 /* Resources */,
			);
			buildRules = (
			);
			dependencies = (
			);
			name = Test;
			productName = Test;
			productReference = CE6E8AF429E87B980053FBD6 /* Test.app */;
			productType = "com.apple.product-type.application";
		};
		CE6E8B0329E87B9E0053FBD6 /* TestTests */ = {
			isa = PBXNativeTarget;
			buildConfigurationList = CE6E8B1B29E87B9E0053FBD6 /* Build configuration list for PBXNativeTarget "TestTests" */;
			buildPhases = (
				CE6E8B0029E87B9E0053FBD6 /* Sources */,
				CE6E8B0129E87B9E0053FBD6 /* Frameworks */,
				CE6E8B0229E87B9E0053FBD6 /* Resources */,
			);
			buildRules = (
			);
			dependencies = (
				CE6E8B0629E87B9E0053FBD6 /* PBXTargetDependency */,
			);
			name = TestTests;
			productName = TestTests;
			productReference = CE6E8B0429E87B9E0053FBD6 /* TestTests.xctest */;
			productType = "com.apple.product-type.bundle.unit-test";
		};
		CE6E8B0D29E87B9E0053FBD6 /* TestUITests */ = {
			isa = PBXNativeTarget;
			buildConfigurationList = CE6E8B1E29E87B9E0053FBD6 /* Build configuration list for PBXNativeTarget "TestUITests" */;
			buildPhases = (
				CE6E8B0A29E87B9E0053FBD6 /* Sources */,
				CE6E8B0B29E87B9E0053FBD6 /* Frameworks */,
				CE6E8B0C29E87B9E0053FBD6 /* Resources */,
			);
			buildRules = (
			);
			dependencies = (
				CE6E8B1029E87B9E0053FBD6 /* PBXTargetDependency */,
			);
			name = TestUITests;
			productName = TestUITests;
			productReference = CE6E8B0E29E87B9E0053FBD6 /* TestUITests.xctest */;
			productType = "com.apple.product-type.bundle.ui-testing";
		};
/* End PBXNativeTarget section */

/* Begin PBXProject section */
		CE6E8AEC29E87B980053FBD6 /* Project object */ = {
			isa = PBXProject;
			attributes = {
				BuildIndependentTargetsInParallel = 1;
				LastSwiftUpdateCheck = 1320;
				LastUpgradeCheck = 1320;
				TargetAttributes = {
					CE6E8AF329E87B980053FBD6 = {
						CreatedOnToolsVersion = 13.2.1;
					};
					CE6E8B0329E87B9E0053FBD6 = {
						CreatedOnToolsVersion = 13.2.1;
						TestTargetID = CE6E8AF329E87B980053FBD6;
					};
					CE6E8B0D29E87B9E0053FBD6 = {
						CreatedOnToolsVersion = 13.2.1;
						TestTargetID = CE6E8AF329E87B980053FBD6;
					};
				};
			};
			buildConfigurationList = CE6E8AEF29E87B980053FBD6 /* Build configuration list for PBXProject "Test" */;
			compatibilityVersion = "Xcode 13.0";
			developmentRegion = en;
			hasScannedForEncodings = 0;
			knownRegions = (
				en,
				Base,
			);
			mainGroup = CE6E8AEB29E87B980053FBD6;
			productRefGroup = CE6E8AF529E87B980053FBD6 /* Products */;
			projectDirPath = "";
			projectRoot = "";
			targets = (
				CE6E8AF329E87B980053FBD6 /* Test */,
				CE6E8B0329E87B9E0053FBD6 /* TestTests */,
				CE6E8B0D29E87B9E0053FBD6 /* TestUITests */,
			);
		};
/* End PBXProject section */

/* Begin PBXResourcesBuildPhase section */
		CE6E8AF229E87B980053FBD6 /* Resources */ = {
			isa = PBXResourcesBuildPhase;
			buildActionMask = 2147483647;
			files = (
				CE6E8AFF29E87B9E0053FBD6 /* Preview Assets.xcassets in Resources */,
				CE6E8AFC29E87B9E0053FBD6 /* Assets.xcassets in Resources */,
			);
			runOnlyForDeploymentPostprocessing = 0;
		};
		CE6E8B0229E87B9E0053FBD6 /* Resources */ = {
			isa = PBXResourcesBuildPhase;
			buildActionMask = 2147483647;
			files = (
			);
			runOnlyForDeploymentPostprocessing = 0;
		};
		CE6E8B0C29E87B9E0053FBD6 /* Resources */ = {
			isa = PBXResourcesBuildPhase;
			buildActionMask = 2147483647;
			files = (
			);
			runOnlyForDeploymentPostprocessing = 0;
		};
/* End PBXResourcesBuildPhase section */

/* Begin PBXSourcesBuildPhase section */
		CE6E8AF029E87B980053FBD6 /* Sources */ = {
			isa = PBXSourcesBuildPhase;
			buildActionMask = 2147483647;
			files = (
				CE6E8AFA29E87B980053FBD6 /* ContentView.swift in Sources */,
				CE4AE49529E88979007A6BC2 /* Home.swift in Sources */,
				CE6E8AF829E87B980053FBD6 /* TestApp.swift in Sources */,
			);
			runOnlyForDeploymentPostprocessing = 0;
		};
		CE6E8B0029E87B9E0053FBD6 /* Sources */ = {
			isa = PBXSourcesBuildPhase;
			buildActionMask = 2147483647;
			files = (
				CE6E8B0929E87B9E0053FBD6 /* TestTests.swift in Sources */,
			);
			runOnlyForDeploymentPostprocessing = 0;
		};
		CE6E8B0A29E87B9E0053FBD6 /* Sources */ = {
			isa = PBXSourcesBuildPhase;
			buildActionMask = 2147483647;
			files = (
				CE6E8B1529E87B9E0053FBD6 /* TestUITestsLaunchTests.swift in Sources */,
				CE6E8B1329E87B9E0053FBD6 /* TestUITests.swift in Sources */,
			);
			runOnlyForDeploymentPostprocessing = 0;
		};
/* End PBXSourcesBuildPhase section */

/* Begin PBXTargetDependency section */
		CE6E8B0629E87B9E0053FBD6 /* PBXTargetDependency */ = {
			isa = PBXTargetDependency;
			target = CE6E8AF329E87B980053FBD6 /* Test */;
			targetProxy = CE6E8B0529E87B9E0053FBD6 /* PBXContainerItemProxy */;
		};
		CE6E8B1029E87B9E0053FBD6 /* PBXTargetDependency */ = {
			isa = PBXTargetDependency;
			target = CE6E8AF329E87B980053FBD6 /* Test */;
			targetProxy = CE6E8B0F29E87B9E0053FBD6 /* PBXContainerItemProxy */;
		};
/* End PBXTargetDependency section */

/* Begin XCBuildConfiguration section */
		CE6E8B1629E87B9E0053FBD6 /* Debug */ = {
			isa = XCBuildConfiguration;
			buildSettings = {
				ALWAYS_SEARCH_USER_PATHS = NO;
				CLANG_ANALYZER_NONNULL = YES;
				CLANG_ANALYZER_NUMBER_OBJECT_CONVERSION = YES_AGGRESSIVE;
				CLANG_CXX_LANGUAGE_STANDARD = "gnu++17";
				CLANG_CXX_LIBRARY = "libc++";
				CLANG_ENABLE_MODULES = YES;
				CLANG_ENABLE_OBJC_ARC = YES;
				CLANG_ENABLE_OBJC_WEAK = YES;
				CLANG_WARN_BLOCK_CAPTURE_AUTORELEASING = YES;
				CLANG_WARN_BOOL_CONVERSION = YES;
				CLANG_WARN_COMMA = YES;
				CLANG_WARN_CONSTANT_CONVERSION = YES;
				CLANG_WARN_DEPRECATED_OBJC_IMPLEMENTATIONS = YES;
				CLANG_WARN_DIRECT_OBJC_ISA_USAGE = YES_ERROR;
				CLANG_WARN_DOCUMENTATION_COMMENTS = YES;
				CLANG_WARN_EMPTY_BODY = YES;
				CLANG_WARN_ENUM_CONVERSION = YES;
				CLANG_WARN_INFINITE_RECURSION = YES;
				CLANG_WARN_INT_CONVERSION = YES;
				CLANG_WARN_NON_LITERAL_NULL_CONVERSION = YES;
				CLANG_WARN_OBJC_IMPLICIT_RETAIN_SELF = YES;
				CLANG_WARN_OBJC_LITERAL_CONVERSION = YES;
				CLANG_WARN_OBJC_ROOT_CLASS = YES_ERROR;
				CLANG_WARN_QUOTED_INCLUDE_IN_FRAMEWORK_HEADER = YES;
				CLANG_WARN_RANGE_LOOP_ANALYSIS = YES;
				CLANG_WARN_STRICT_PROTOTYPES = YES;
				CLANG_WARN_SUSPICIOUS_MOVE = YES;
				CLANG_WARN_UNGUARDED_AVAILABILITY = YES_AGGRESSIVE;
				CLANG_WARN_UNREACHABLE_CODE = YES;
				CLANG_WARN__DUPLICATE_METHOD_MATCH = YES;
				COPY_PHASE_STRIP = NO;
				DEBUG_INFORMATION_FORMAT = dwarf;
				ENABLE_STRICT_OBJC_MSGSEND = YES;
				ENABLE_TESTABILITY = YES;
				GCC_C_LANGUAGE_STANDARD = gnu11;
				GCC_DYNAMIC_NO_PIC = NO;
				GCC_NO_COMMON_BLOCKS = YES;
				GCC_OPTIMIZATION_LEVEL = 0;
				GCC_PREPROCESSOR_DEFINITIONS = (
					"DEBUG=1",
					"$(inherited)",
				);
				GCC_WARN_64_TO_32_BIT_CONVERSION = YES;
				GCC_WARN_ABOUT_RETURN_TYPE = YES_ERROR;
				GCC_WARN_UNDECLARED_SELECTOR = YES;
				GCC_WARN_UNINITIALIZED_AUTOS = YES_AGGRESSIVE;
				GCC_WARN_UNUSED_FUNCTION = YES;
				GCC_WARN_UNUSED_VARIABLE = YES;
				IPHONEOS_DEPLOYMENT_TARGET = 15.2;
				MTL_ENABLE_DEBUG_INFO = INCLUDE_SOURCE;
				MTL_FAST_MATH = YES;
				ONLY_ACTIVE_ARCH = YES;
				SDKROOT = iphoneos;
				SWIFT_ACTIVE_COMPILATION_CONDITIONS = DEBUG;
				SWIFT_OPTIMIZATION_LEVEL = "-Onone";
			};
			name = Debug;
		};
		CE6E8B1729E87B9E0053FBD6 /* Release */ = {
			isa = XCBuildConfiguration;
			buildSettings = {
				ALWAYS_SEARCH_USER_PATHS = NO;
				CLANG_ANALYZER_NONNULL = YES;
				CLANG_ANALYZER_NUMBER_OBJECT_CONVERSION = YES_AGGRESSIVE;
				CLANG_CXX_LANGUAGE_STANDARD = "gnu++17";
				CLANG_CXX_LIBRARY = "libc++";
				CLANG_ENABLE_MODULES = YES;
				CLANG_ENABLE_OBJC_ARC = YES;
				CLANG_ENABLE_OBJC_WEAK = YES;
				CLANG_WARN_BLOCK_CAPTURE_AUTORELEASING = YES;
				CLANG_WARN_BOOL_CONVERSION = YES;
				CLANG_WARN_COMMA = YES;
				CLANG_WARN_CONSTANT_CONVERSION = YES;
				CLANG_WARN_DEPRECATED_OBJC_IMPLEMENTATIONS = YES;
				CLANG_WARN_DIRECT_OBJC_ISA_USAGE = YES_ERROR;
				CLANG_WARN_DOCUMENTATION_COMMENTS = YES;
				CLANG_WARN_EMPTY_BODY = YES;
				CLANG_WARN_ENUM_CONVERSION = YES;
				CLANG_WARN_INFINITE_RECURSION = YES;
				CLANG_WARN_INT_CONVERSION = YES;
				CLANG_WARN_NON_LITERAL_NULL_CONVERSION = YES;
				CLANG_WARN_OBJC_IMPLICIT_RETAIN_SELF = YES;
				CLANG_WARN_OBJC_LITERAL_CONVERSION = YES;
				CLANG_WARN_OBJC_ROOT_CLASS = YES_ERROR;
				CLANG_WARN_QUOTED_INCLUDE_IN_FRAMEWORK_HEADER = YES;
				CLANG_WARN_RANGE_LOOP_ANALYSIS = YES;
				CLANG_WARN_STRICT_PROTOTYPES = YES;
				CLANG_WARN_SUSPICIOUS_MOVE = YES;
				CLANG_WARN_UNGUARDED_AVAILABILITY = YES_AGGRESSIVE;
				CLANG_WARN_UNREACHABLE_CODE = YES;
				CLANG_WARN__DUPLICATE_METHOD_MATCH = YES;
				COPY_PHASE_STRIP = NO;
				DEBUG_INFORMATION_FORMAT = "dwarf-with-dsym";
				ENABLE_NS_ASSERTIONS = NO;
				ENABLE_STRICT_OBJC_MSGSEND = YES;
				GCC_C_LANGUAGE_STANDARD = gnu11;
				GCC_NO_COMMON_BLOCKS = YES;
				GCC_WARN_64_TO_32_BIT_CONVERSION = YES;
				GCC_WARN_ABOUT_RETURN_TYPE = YES_ERROR;
				GCC_WARN_UNDECLARED_SELECTOR = YES;
				GCC_WARN_UNINITIALIZED_AUTOS = YES_AGGRESSIVE;
				GCC_WARN_UNUSED_FUNCTION = YES;
				GCC_WARN_UNUSED_VARIABLE = YES;
				IPHONEOS_DEPLOYMENT_TARGET = 15.2;
				MTL_ENABLE_DEBUG_INFO = NO;
				MTL_FAST_MATH = YES;
				SDKROOT = iphoneos;
				SWIFT_COMPILATION_MODE = wholemodule;
				SWIFT_OPTIMIZATION_LEVEL = "-O";
				VALIDATE_PRODUCT = YES;
			};
			name = Release;
		};
		CE6E8B1929E87B9E0053FBD6 /* Debug */ = {
			isa = XCBuildConfiguration;
			buildSettings = {
				ASSETCATALOG_COMPILER_APPICON_NAME = AppIcon;
				ASSETCATALOG_COMPILER_GLOBAL_ACCENT_COLOR_NAME = AccentColor;
				CODE_SIGN_STYLE = Automatic;
				CURRENT_PROJECT_VERSION = 1;
				DEVELOPMENT_ASSET_PATHS = "\"Test/Preview Content\"";
				DEVELOPMENT_TEAM = 3RFP9M9R3R;
				ENABLE_PREVIEWS = YES;
				GENERATE_INFOPLIST_FILE = YES;
				INFOPLIST_KEY_UIApplicationSceneManifest_Generation = YES;
				INFOPLIST_KEY_UIApplicationSupportsIndirectInputEvents = YES;
				INFOPLIST_KEY_UILaunchScreen_Generation = YES;
				INFOPLIST_KEY_UISupportedInterfaceOrientations_iPad = "UIInterfaceOrientationPortrait UIInterfaceOrientationPortraitUpsideDown UIInterfaceOrientationLandscapeLeft UIInterfaceOrientationLandscapeRight";
				INFOPLIST_KEY_UISupportedInterfaceOrientations_iPhone = "UIInterfaceOrientationPortrait UIInterfaceOrientationLandscapeLeft UIInterfaceOrientationLandscapeRight";
				IPHONEOS_DEPLOYMENT_TARGET = 15.0;
				LD_RUNPATH_SEARCH_PATHS = (
					"$(inherited)",
					"@executable_path/Frameworks",
				);
				MARKETING_VERSION = 1.0;
				PRODUCT_BUNDLE_IDENTIFIER = fmejia.Test;
				PRODUCT_NAME = "$(TARGET_NAME)";
				SWIFT_EMIT_LOC_STRINGS = YES;
				SWIFT_VERSION = 5.0;
				TARGETED_DEVICE_FAMILY = "1,2";
			};
			name = Debug;
		};
		CE6E8B1A29E87B9E0053FBD6 /* Release */ = {
			isa = XCBuildConfiguration;
			buildSettings = {
				ASSETCATALOG_COMPILER_APPICON_NAME = AppIcon;
				ASSETCATALOG_COMPILER_GLOBAL_ACCENT_COLOR_NAME = AccentColor;
				CODE_SIGN_STYLE = Automatic;
				CURRENT_PROJECT_VERSION = 1;
				DEVELOPMENT_ASSET_PATHS = "\"Test/Preview Content\"";
				DEVELOPMENT_TEAM = 3RFP9M9R3R;
				ENABLE_PREVIEWS = YES;
				GENERATE_INFOPLIST_FILE = YES;
				INFOPLIST_KEY_UIApplicationSceneManifest_Generation = YES;
				INFOPLIST_KEY_UIApplicationSupportsIndirectInputEvents = YES;
				INFOPLIST_KEY_UILaunchScreen_Generation = YES;
				INFOPLIST_KEY_UISupportedInterfaceOrientations_iPad = "UIInterfaceOrientationPortrait UIInterfaceOrientationPortraitUpsideDown UIInterfaceOrientationLandscapeLeft UIInterfaceOrientationLandscapeRight";
				INFOPLIST_KEY_UISupportedInterfaceOrientations_iPhone = "UIInterfaceOrientationPortrait UIInterfaceOrientationLandscapeLeft UIInterfaceOrientationLandscapeRight";
				IPHONEOS_DEPLOYMENT_TARGET = 15.0;
				LD_RUNPATH_SEARCH_PATHS = (
					"$(inherited)",
					"@executable_path/Frameworks",
				);
				MARKETING_VERSION = 1.0;
				PRODUCT_BUNDLE_IDENTIFIER = fmejia.Test;
				PRODUCT_NAME = "$(TARGET_NAME)";
				SWIFT_EMIT_LOC_STRINGS = YES;
				SWIFT_VERSION = 5.0;
				TARGETED_DEVICE_FAMILY = "1,2";
			};
			name = Release;
		};
		CE6E8B1C29E87B9E0053FBD6 /* Debug */ = {
			isa = XCBuildConfiguration;
			buildSettings = {
				ALWAYS_EMBED_SWIFT_STANDARD_LIBRARIES = YES;
				BUNDLE_LOADER = "$(TEST_HOST)";
				CODE_SIGN_STYLE = Automatic;
				CURRENT_PROJECT_VERSION = 1;
				DEVELOPMENT_TEAM = 3RFP9M9R3R;
				GENERATE_INFOPLIST_FILE = YES;
				IPHONEOS_DEPLOYMENT_TARGET = 15.2;
				MARKETING_VERSION = 1.0;
				PRODUCT_BUNDLE_IDENTIFIER = fmejia.TestTests;
				PRODUCT_NAME = "$(TARGET_NAME)";
				SWIFT_EMIT_LOC_STRINGS = NO;
				SWIFT_VERSION = 5.0;
				TARGETED_DEVICE_FAMILY = "1,2";
				TEST_HOST = "$(BUILT_PRODUCTS_DIR)/Test.app/Test";
			};
			name = Debug;
		};
		CE6E8B1D29E87B9E0053FBD6 /* Release */ = {
			isa = XCBuildConfiguration;
			buildSettings = {
				ALWAYS_EMBED_SWIFT_STANDARD_LIBRARIES = YES;
				BUNDLE_LOADER = "$(TEST_HOST)";
				CODE_SIGN_STYLE = Automatic;
				CURRENT_PROJECT_VERSION = 1;
				DEVELOPMENT_TEAM = 3RFP9M9R3R;
				GENERATE_INFOPLIST_FILE = YES;
				IPHONEOS_DEPLOYMENT_TARGET = 15.2;
				MARKETING_VERSION = 1.0;
				PRODUCT_BUNDLE_IDENTIFIER = fmejia.TestTests;
				PRODUCT_NAME = "$(TARGET_NAME)";
				SWIFT_EMIT_LOC_STRINGS = NO;
				SWIFT_VERSION = 5.0;
				TARGETED_DEVICE_FAMILY = "1,2";
				TEST_HOST = "$(BUILT_PRODUCTS_DIR)/Test.app/Test";
			};
			name = Release;
		};
		CE6E8B1F29E87B9E0053FBD6 /* Debug */ = {
			isa = XCBuildConfiguration;
			buildSettings = {
				ALWAYS_EMBED_SWIFT_STANDARD_LIBRARIES = YES;
				CODE_SIGN_STYLE = Automatic;
				CURRENT_PROJECT_VERSION = 1;
				DEVELOPMENT_TEAM = 3RFP9M9R3R;
				GENERATE_INFOPLIST_FILE = YES;
				MARKETING_VERSION = 1.0;
				PRODUCT_BUNDLE_IDENTIFIER = fmejia.TestUITests;
				PRODUCT_NAME = "$(TARGET_NAME)";
				SWIFT_EMIT_LOC_STRINGS = NO;
				SWIFT_VERSION = 5.0;
				TARGETED_DEVICE_FAMILY = "1,2";
				TEST_TARGET_NAME = Test;
			};
			name = Debug;
		};
		CE6E8B2029E87B9E0053FBD6 /* Release */ = {
			isa = XCBuildConfiguration;
			buildSettings = {
				ALWAYS_EMBED_SWIFT_STANDARD_LIBRARIES = YES;
				CODE_SIGN_STYLE = Automatic;
				CURRENT_PROJECT_VERSION = 1;
				DEVELOPMENT_TEAM = 3RFP9M9R3R;
				GENERATE_INFOPLIST_FILE = YES;
				MARKETING_VERSION = 1.0;
				PRODUCT_BUNDLE_IDENTIFIER = fmejia.TestUITests;
				PRODUCT_NAME = "$(TARGET_NAME)";
				SWIFT_EMIT_LOC_STRINGS = NO;
				SWIFT_VERSION = 5.0;
				TARGETED_DEVICE_FAMILY = "1,2";
				TEST_TARGET_NAME = Test;
			};
			name = Release;
		};
/* End XCBuildConfiguration section */

/* Begin XCConfigurationList section */
		CE6E8AEF29E87B980053FBD6 /* Build configuration list for PBXProject "Test" */ = {
			isa = XCConfigurationList;
			buildConfigurations = (
				CE6E8B1629E87B9E0053FBD6 /* Debug */,
				CE6E8B1729E87B9E0053FBD6 /* Release */,
			);
			defaultConfigurationIsVisible = 0;
			defaultConfigurationName = Release;
		};
		CE6E8B1829E87B9E0053FBD6 /* Build configuration list for PBXNativeTarget "Test" */ = {
			isa = XCConfigurationList;
			buildConfigurations = (
				CE6E8B1929E87B9E0053FBD6 /* Debug */,
				CE6E8B1A29E87B9E0053FBD6 /* Release */,
			);
			defaultConfigurationIsVisible = 0;
			defaultConfigurationName = Release;
		};
		CE6E8B1B29E87B9E0053FBD6 /* Build configuration list for PBXNativeTarget "TestTests" */ = {
			isa = XCConfigurationList;
			buildConfigurations = (
				CE6E8B1C29E87B9E0053FBD6 /* Debug */,
				CE6E8B1D29E87B9E0053FBD6 /* Release */,
			);
			defaultConfigurationIsVisible = 0;
			defaultConfigurationName = Release;
		};
		CE6E8B1E29E87B9E0053FBD6 /* Build configuration list for PBXNativeTarget "TestUITests" */ = {
			isa = XCConfigurationList;
			buildConfigurations = (
				CE6E8B1F29E87B9E0053FBD6 /* Debug */,
				CE6E8B2029E87B9E0053FBD6 /* Release */,
			);
			defaultConfigurationIsVisible = 0;
			defaultConfigurationName = Release;
		};
/* End XCConfigurationList section */
	};
	rootObject = CE6E8AEC29E87B980053FBD6 /* Project object */;
}
